
Microsoft Visual Studio Solution File, Format Version 12.00
# Visual Studio 15
VisualStudioVersion = 15.0.27428.2037
MinimumVisualStudioVersion = 10.0.40219.1
Project("{FAE04EC0-301F-11D3-BF4B-00C04F79EFBC}") = "Bitmonlandia", "Bitmonlandia\Bitmonlandia.csproj", "{9EAB43A7-A8B4-453E-B3B8-4845817BA5E3}"
EndProject
Global
	GlobalSection(SolutionConfigurationPlatforms) = preSolution
		Debug|Any CPU = Debug|Any CPU
		Release|Any CPU = Release|Any CPU
	EndGlobalSection
	GlobalSection(ProjectConfigurationPlatforms) = postSolution
		{9EAB43A7-A8B4-453E-B3B8-4845817BA5E3}.Debug|Any CPU.ActiveCfg = Debug|Any CPU
		{9EAB43A7-A8B4-453E-B3B8-4845817BA5E3}.Debug|Any CPU.Build.0 = Debug|Any CPU
		{9EAB43A7-A8B4-453E-B3B8-4845817BA5E3}.Release|Any CPU.ActiveCfg = Release|Any CPU
		{9EAB43A7-A8B4-453E-B3B8-4845817BA5E3}.Release|Any CPU.Build.0 = Release|Any CPU
	EndGlobalSection
	GlobalSection(SolutionProperties) = preSolution
		HideSolutionNode = FALSE
	EndGlobalSection
	GlobalSection(ExtensibilityGlobals) = postSolution
		SolutionGuid = {27A5B567-AC1C-4364-89E7-9A22D540B23B}
	EndGlobalSection
EndGlobal
